
Microsoft Visual Studio Solution File, Format Version 12.00
# Visual Studio Version 17
VisualStudioVersion = 17.8.34316.72
MinimumVisualStudioVersion = 10.0.40219.1
Project("{FAE04EC0-301F-11D3-BF4B-00C04F79EFBC}") = "HangmanGame", "HangmanGame\HangmanGame.csproj", "{1DA28F6F-5D77-4FAA-9159-2AC908B69A0A}"
EndProject
Global
	GlobalSection(SolutionConfigurationPlatforms) = preSolution
		Debug|Any CPU = Debug|Any CPU
		Release|Any CPU = Release|Any CPU
	EndGlobalSection
	GlobalSection(ProjectConfigurationPlatforms) = postSolution
		{1DA28F6F-5D77-4FAA-9159-2AC908B69A0A}.Debug|Any CPU.ActiveCfg = Debug|Any CPU
		{1DA28F6F-5D77-4FAA-9159-2AC908B69A0A}.Debug|Any CPU.Build.0 = Debug|Any CPU
		{1DA28F6F-5D77-4FAA-9159-2AC908B69A0A}.Release|Any CPU.ActiveCfg = Release|Any CPU
		{1DA28F6F-5D77-4FAA-9159-2AC908B69A0A}.Release|Any CPU.Build.0 = Release|Any CPU
	EndGlobalSection
	GlobalSection(SolutionProperties) = preSolution
		HideSolutionNode = FALSE
	EndGlobalSection
	GlobalSection(ExtensibilityGlobals) = postSolution
		SolutionGuid = {02DC3698-68D5-4242-A837-9B31C873AAE6}
	EndGlobalSection
EndGlobal
